
Microsoft Visual Studio Solution File, Format Version 12.00
# Visual Studio Version 17
VisualStudioVersion = 17.4.33205.214
MinimumVisualStudioVersion = 10.0.40219.1
Project("{9A19103F-16F7-4668-BE54-9A1E7A4F7556}") = "WeatherApp", "WeatherApp\WeatherApp.csproj", "{7DE713AF-52C2-46CF-B7DC-E3996EDAB469}"
EndProject
Global
	GlobalSection(SolutionConfigurationPlatforms) = preSolution
		Debug|Any CPU = Debug|Any CPU
		Release|Any CPU = Release|Any CPU
	EndGlobalSection
	GlobalSection(ProjectConfigurationPlatforms) = postSolution
		{7DE713AF-52C2-46CF-B7DC-E3996EDAB469}.Debug|Any CPU.ActiveCfg = Debug|Any CPU
		{7DE713AF-52C2-46CF-B7DC-E3996EDAB469}.Debug|Any CPU.Build.0 = Debug|Any CPU
		{7DE713AF-52C2-46CF-B7DC-E3996EDAB469}.Release|Any CPU.ActiveCfg = Release|Any CPU
		{7DE713AF-52C2-46CF-B7DC-E3996EDAB469}.Release|Any CPU.Build.0 = Release|Any CPU
	EndGlobalSection
	GlobalSection(SolutionProperties) = preSolution
		HideSolutionNode = FALSE
	EndGlobalSection
	GlobalSection(ExtensibilityGlobals) = postSolution
		SolutionGuid = {84C47F98-F819-45C9-8BD2-5098946493B4}
	EndGlobalSection
EndGlobal
